// !$*UTF8*$!
{
	archiveVersion = 1;
	classes = {
	};
	objectVersion = 46;
	objects = {

/* Begin PBXBuildFile section */
		75144DAE1EC93ACB002BFD56 /* main.m in Sources */ = {isa = PBXBuildFile; fileRef = 75144DAD1EC93ACB002BFD56 /* main.m */; };
		75144DB11EC93ACB002BFD56 /* AppDelegate.m in Sources */ = {isa = PBXBuildFile; fileRef = 75144DB01EC93ACB002BFD56 /* AppDelegate.m */; settings = {COMPILER_FLAGS = "-fno-objc-arc"; }; };
		75144DB41EC93ACB002BFD56 /* ViewController.m in Sources */ = {isa = PBXBuildFile; fileRef = 75144DB31EC93ACB002BFD56 /* ViewController.m */; settings = {COMPILER_FLAGS = "-fno-objc-arc"; }; };
		75144DB71EC93ACB002BFD56 /* Main.storyboard in Resources */ = {isa = PBXBuildFile; fileRef = 75144DB51EC93ACB002BFD56 /* Main.storyboard */; };
		75144DB91EC93ACB002BFD56 /* Assets.xcassets in Resources */ = {isa = PBXBuildFile; fileRef = 75144DB81EC93ACB002BFD56 /* Assets.xcassets */; };
		75144DBC1EC93ACB002BFD56 /* LaunchScreen.storyboard in Resources */ = {isa = PBXBuildFile; fileRef = 75144DBA1EC93ACB002BFD56 /* LaunchScreen.storyboard */; };
		75144DC71EC93ACB002BFD56 /* Runtime_nilTests.m in Sources */ = {isa = PBXBuildFile; fileRef = 75144DC61EC93ACB002BFD56 /* Runtime_nilTests.m */; };
		75144DD21EC93ACB002BFD56 /* Runtime_nilUITests.m in Sources */ = {isa = PBXBuildFile; fileRef = 75144DD11EC93ACB002BFD56 /* Runtime_nilUITests.m */; };
		75144DE11EC93E80002BFD56 /* MMBlcokExecutor.m in Sources */ = {isa = PBXBuildFile; fileRef = 75144DE01EC93E80002BFD56 /* MMBlcokExecutor.m */; settings = {COMPILER_FLAGS = "-fno-objc-arc"; }; };
		75144DE41EC94085002BFD56 /* NSObject+MM_RunAtDealloc.m in Sources */ = {isa = PBXBuildFile; fileRef = 75144DE31EC94085002BFD56 /* NSObject+MM_RunAtDealloc.m */; settings = {COMPILER_FLAGS = "-fno-objc-arc"; }; };
/* End PBXBuildFile section */

/* Begin PBXContainerItemProxy section */
		75144DC31EC93ACB002BFD56 /* PBXContainerItemProxy */ = {
			isa = PBXContainerItemProxy;
			containerPortal = 75144DA11EC93ACB002BFD56 /* Project object */;
			proxyType = 1;
			remoteGlobalIDString = 75144DA81EC93ACB002BFD56;
			remoteInfo = Runtime_nil;
		};
		75144DCE1EC93ACB002BFD56 /* PBXContainerItemProxy */ = {
			isa = PBXContainerItemProxy;
			containerPortal = 75144DA11EC93ACB002BFD56 /* Project object */;
			proxyType = 1;
			remoteGlobalIDString = 75144DA81EC93ACB002BFD56;
			remoteInfo = Runtime_nil;
		};
/* End PBXContainerItemProxy section */

/* Begin PBXFileReference section */
		75144DA91EC93ACB002BFD56 /* Runtime_nil.app */ = {isa = PBXFileReference; explicitFileType = wrapper.application; includeInIndex = 0; path = Runtime_nil.app; sourceTree = BUILT_PRODUCTS_DIR; };
		75144DAD1EC93ACB002BFD56 /* main.m */ = {isa = PBXFileReference; lastKnownFileType = sourcecode.c.objc; path = main.m; sourceTree = "<group>"; };
		75144DAF1EC93ACB002BFD56 /* AppDelegate.h */ = {isa = PBXFileReference; lastKnownFileType = sourcecode.c.h; path = AppDelegate.h; sourceTree = "<group>"; };
		75144DB01EC93ACB002BFD56 /* AppDelegate.m */ = {isa = PBXFileReference; lastKnownFileType = sourcecode.c.objc; path = AppDelegate.m; sourceTree = "<group>"; };
		75144DB21EC93ACB002BFD56 /* ViewController.h */ = {isa = PBXFileReference; lastKnownFileType = sourcecode.c.h; path = ViewController.h; sourceTree = "<group>"; };
		75144DB31EC93ACB002BFD56 /* ViewController.m */ = {isa = PBXFileReference; lastKnownFileType = sourcecode.c.objc; path = ViewController.m; sourceTree = "<group>"; };
		75144DB61EC93ACB002BFD56 /* Base */ = {isa = PBXFileReference; lastKnownFileType = file.storyboard; name = Base; path = Base.lproj/Main.storyboard; sourceTree = "<group>"; };
		75144DB81EC93ACB002BFD56 /* Assets.xcassets */ = {isa = PBXFileReference; lastKnownFileType = folder.assetcatalog; path = Assets.xcassets; sourceTree = "<group>"; };
		75144DBB1EC93ACB002BFD56 /* Base */ = {isa = PBXFileReference; lastKnownFileType = file.storyboard; name = Base; path = Base.lproj/LaunchScreen.storyboard; sourceTree = "<group>"; };
		75144DBD1EC93ACB002BFD56 /* Info.plist */ = {isa = PBXFileReference; lastKnownFileType = text.plist.xml; path = Info.plist; sourceTree = "<group>"; };
		75144DC21EC93ACB002BFD56 /* Runtime_nilTests.xctest */ = {isa = PBXFileReference; explicitFileType = wrapper.cfbundle; includeInIndex = 0; path = Runtime_nilTests.xctest; sourceTree = BUILT_PRODUCTS_DIR; };
		75144DC61EC93ACB002BFD56 /* Runtime_nilTests.m */ = {isa = PBXFileReference; lastKnownFileType = sourcecode.c.objc; path = Runtime_nilTests.m; sourceTree = "<group>"; };
		75144DC81EC93ACB002BFD56 /* Info.plist */ = {isa = PBXFileReference; lastKnownFileType = text.plist.xml; path = Info.plist; sourceTree = "<group>"; };
		75144DCD1EC93ACB002BFD56 /* Runtime_nilUITests.xctest */ = {isa = PBXFileReference; explicitFileType = wrapper.cfbundle; includeInIndex = 0; path = Runtime_nilUITests.xctest; sourceTree = BUILT_PRODUCTS_DIR; };
		75144DD11EC93ACB002BFD56 /* Runtime_nilUITests.m */ = {isa = PBXFileReference; lastKnownFileType = sourcecode.c.objc; path = Runtime_nilUITests.m; sourceTree = "<group>"; };
		75144DD31EC93ACB002BFD56 /* Info.plist */ = {isa = PBXFileReference; lastKnownFileType = text.plist.xml; path = Info.plist; sourceTree = "<group>"; };
		75144DDF1EC93E80002BFD56 /* MMBlcokExecutor.h */ = {isa = PBXFileReference; fileEncoding = 4; lastKnownFileType = sourcecode.c.h; path = MMBlcokExecutor.h; sourceTree = "<group>"; };
		75144DE01EC93E80002BFD56 /* MMBlcokExecutor.m */ = {isa = PBXFileReference; fileEncoding = 4; lastKnownFileType = sourcecode.c.objc; path = MMBlcokExecutor.m; sourceTree = "<group>"; };
		75144DE21EC94085002BFD56 /* NSObject+MM_RunAtDealloc.h */ = {isa = PBXFileReference; fileEncoding = 4; lastKnownFileType = sourcecode.c.h; name = "NSObject+MM_RunAtDealloc.h"; path = "../NSObject+MM_RunAtDealloc.h"; sourceTree = "<group>"; };
		75144DE31EC94085002BFD56 /* NSObject+MM_RunAtDealloc.m */ = {isa = PBXFileReference; fileEncoding = 4; lastKnownFileType = sourcecode.c.objc; name = "NSObject+MM_RunAtDealloc.m"; path = "../NSObject+MM_RunAtDealloc.m"; sourceTree = "<group>"; };
/* End PBXFileReference section */

/* Begin PBXFrameworksBuildPhase section */
		75144DA61EC93ACB002BFD56 /* Frameworks */ = {
			isa = PBXFrameworksBuildPhase;
			buildActionMask = 2147483647;
			files = (
			);
			runOnlyForDeploymentPostprocessing = 0;
		};
		75144DBF1EC93ACB002BFD56 /* Frameworks */ = {
			isa = PBXFrameworksBuildPhase;
			buildActionMask = 2147483647;
			files = (
			);
			runOnlyForDeploymentPostprocessing = 0;
		};
		75144DCA1EC93ACB002BFD56 /* Frameworks */ = {
			isa = PBXFrameworksBuildPhase;
			buildActionMask = 2147483647;
			files = (
			);
			runOnlyForDeploymentPostprocessing = 0;
		};
/* End PBXFrameworksBuildPhase section */

/* Begin PBXGroup section */
		75144DA01EC93ACB002BFD56 = {
			isa = PBXGroup;
			children = (
				75144DAB1EC93ACB002BFD56 /* Runtime_nil */,
				75144DC51EC93ACB002BFD56 /* Runtime_nilTests */,
				75144DD01EC93ACB002BFD56 /* Runtime_nilUITests */,
				75144DAA1EC93ACB002BFD56 /* Products */,
			);
			sourceTree = "<group>";
		};
		75144DAA1EC93ACB002BFD56 /* Products */ = {
			isa = PBXGroup;
			children = (
				75144DA91EC93ACB002BFD56 /* Runtime_nil.app */,
				75144DC21EC93ACB002BFD56 /* Runtime_nilTests.xctest */,
				75144DCD1EC93ACB002BFD56 /* Runtime_nilUITests.xctest */,
			);
			name = Products;
			sourceTree = "<group>";
		};
		75144DAB1EC93ACB002BFD56 /* Runtime_nil */ = {
			isa = PBXGroup;
			children = (
				75144DE21EC94085002BFD56 /* NSObject+MM_RunAtDealloc.h */,
				75144DE31EC94085002BFD56 /* NSObject+MM_RunAtDealloc.m */,
				75144DAF1EC93ACB002BFD56 /* AppDelegate.h */,
				75144DB01EC93ACB002BFD56 /* AppDelegate.m */,
				75144DB21EC93ACB002BFD56 /* ViewController.h */,
				75144DB31EC93ACB002BFD56 /* ViewController.m */,
				75144DB51EC93ACB002BFD56 /* Main.storyboard */,
				75144DB81EC93ACB002BFD56 /* Assets.xcassets */,
				75144DBA1EC93ACB002BFD56 /* LaunchScreen.storyboard */,
				75144DBD1EC93ACB002BFD56 /* Info.plist */,
				75144DAC1EC93ACB002BFD56 /* Supporting Files */,
				75144DDF1EC93E80002BFD56 /* MMBlcokExecutor.h */,
				75144DE01EC93E80002BFD56 /* MMBlcokExecutor.m */,
			);
			path = Runtime_nil;
			sourceTree = "<group>";
		};
		75144DAC1EC93ACB002BFD56 /* Supporting Files */ = {
			isa = PBXGroup;
			children = (
				75144DAD1EC93ACB002BFD56 /* main.m */,
			);
			name = "Supporting Files";
			sourceTree = "<group>";
		};
		75144DC51EC93ACB002BFD56 /* Runtime_nilTests */ = {
			isa = PBXGroup;
			children = (
				75144DC61EC93ACB002BFD56 /* Runtime_nilTests.m */,
				75144DC81EC93ACB002BFD56 /* Info.plist */,
			);
			path = Runtime_nilTests;
			sourceTree = "<group>";
		};
		75144DD01EC93ACB002BFD56 /* Runtime_nilUITests */ = {
			isa = PBXGroup;
			children = (
				75144DD11EC93ACB002BFD56 /* Runtime_nilUITests.m */,
				75144DD31EC93ACB002BFD56 /* Info.plist */,
			);
			path = Runtime_nilUITests;
			sourceTree = "<group>";
		};
/* End PBXGroup section */

/* Begin PBXNativeTarget section */
		75144DA81EC93ACB002BFD56 /* Runtime_nil */ = {
			isa = PBXNativeTarget;
			buildConfigurationList = 75144DD61EC93ACB002BFD56 /* Build configuration list for PBXNativeTarget "Runtime_nil" */;
			buildPhases = (
				75144DA51EC93ACB002BFD56 /* Sources */,
				75144DA61EC93ACB002BFD56 /* Frameworks */,
				75144DA71EC93ACB002BFD56 /* Resources */,
			);
			buildRules = (
			);
			dependencies = (
			);
			name = Runtime_nil;
			productName = Runtime_nil;
			productReference = 75144DA91EC93ACB002BFD56 /* Runtime_nil.app */;
			productType = "com.apple.product-type.application";
		};
		75144DC11EC93ACB002BFD56 /* Runtime_nilTests */ = {
			isa = PBXNativeTarget;
			buildConfigurationList = 75144DD91EC93ACB002BFD56 /* Build configuration list for PBXNativeTarget "Runtime_nilTests" */;
			buildPhases = (
				75144DBE1EC93ACB002BFD56 /* Sources */,
				75144DBF1EC93ACB002BFD56 /* Frameworks */,
				75144DC01EC93ACB002BFD56 /* Resources */,
			);
			buildRules = (
			);
			dependencies = (
				75144DC41EC93ACB002BFD56 /* PBXTargetDependency */,
			);
			name = Runtime_nilTests;
			productName = Runtime_nilTests;
			productReference = 75144DC21EC93ACB002BFD56 /* Runtime_nilTests.xctest */;
			productType = "com.apple.product-type.bundle.unit-test";
		};
		75144DCC1EC93ACB002BFD56 /* Runtime_nilUITests */ = {
			isa = PBXNativeTarget;
			buildConfigurationList = 75144DDC1EC93ACB002BFD56 /* Build configuration list for PBXNativeTarget "Runtime_nilUITests" */;
			buildPhases = (
				75144DC91EC93ACB002BFD56 /* Sources */,
				75144DCA1EC93ACB002BFD56 /* Frameworks */,
				75144DCB1EC93ACB002BFD56 /* Resources */,
			);
			buildRules = (
			);
			dependencies = (
				75144DCF1EC93ACB002BFD56 /* PBXTargetDependency */,
			);
			name = Runtime_nilUITests;
			productName = Runtime_nilUITests;
			productReference = 75144DCD1EC93ACB002BFD56 /* Runtime_nilUITests.xctest */;
			productType = "com.apple.product-type.bundle.ui-testing";
		};
/* End PBXNativeTarget section */

/* Begin PBXProject section */
		75144DA11EC93ACB002BFD56 /* Project object */ = {
			isa = PBXProject;
			attributes = {
				LastUpgradeCheck = 0810;
				ORGANIZATIONNAME = wyy;
				TargetAttributes = {
					75144DA81EC93ACB002BFD56 = {
						CreatedOnToolsVersion = 8.1;
						DevelopmentTeam = 65Y8F76Y6Z;
						ProvisioningStyle = Automatic;
					};
					75144DC11EC93ACB002BFD56 = {
						CreatedOnToolsVersion = 8.1;
						DevelopmentTeam = 65Y8F76Y6Z;
						ProvisioningStyle = Automatic;
						TestTargetID = 75144DA81EC93ACB002BFD56;
					};
					75144DCC1EC93ACB002BFD56 = {
						CreatedOnToolsVersion = 8.1;
						DevelopmentTeam = 65Y8F76Y6Z;
						ProvisioningStyle = Automatic;
						TestTargetID = 75144DA81EC93ACB002BFD56;
					};
				};
			};
			buildConfigurationList = 75144DA41EC93ACB002BFD56 /* Build configuration list for PBXProject "Runtime_nil" */;
			compatibilityVersion = "Xcode 3.2";
			developmentRegion = English;
			hasScannedForEncodings = 0;
			knownRegions = (
				en,
				Base,
			);
			mainGroup = 75144DA01EC93ACB002BFD56;
			productRefGroup = 75144DAA1EC93ACB002BFD56 /* Products */;
			projectDirPath = "";
			projectRoot = "";
			targets = (
				75144DA81EC93ACB002BFD56 /* Runtime_nil */,
				75144DC11EC93ACB002BFD56 /* Runtime_nilTests */,
				75144DCC1EC93ACB002BFD56 /* Runtime_nilUITests */,
			);
		};
/* End PBXProject section */

/* Begin PBXResourcesBuildPhase section */
		75144DA71EC93ACB002BFD56 /* Resources */ = {
			isa = PBXResourcesBuildPhase;
			buildActionMask = 2147483647;
			files = (
				75144DBC1EC93ACB002BFD56 /* LaunchScreen.storyboard in Resources */,
				75144DB91EC93ACB002BFD56 /* Assets.xcassets in Resources */,
				75144DB71EC93ACB002BFD56 /* Main.storyboard in Resources */,
			);
			runOnlyForDeploymentPostprocessing = 0;
		};
		75144DC01EC93ACB002BFD56 /* Resources */ = {
			isa = PBXResourcesBuildPhase;
			buildActionMask = 2147483647;
			files = (
			);
			runOnlyForDeploymentPostprocessing = 0;
		};
		75144DCB1EC93ACB002BFD56 /* Resources */ = {
			isa = PBXResourcesBuildPhase;
			buildActionMask = 2147483647;
			files = (
			);
			runOnlyForDeploymentPostprocessing = 0;
		};
/* End PBXResourcesBuildPhase section */

/* Begin PBXSourcesBuildPhase section */
		75144DA51EC93ACB002BFD56 /* Sources */ = {
			isa = PBXSourcesBuildPhase;
			buildActionMask = 2147483647;
			files = (
				75144DE11EC93E80002BFD56 /* MMBlcokExecutor.m in Sources */,
				75144DB41EC93ACB002BFD56 /* ViewController.m in Sources */,
				75144DE41EC94085002BFD56 /* NSObject+MM_RunAtDealloc.m in Sources */,
				75144DB11EC93ACB002BFD56 /* AppDelegate.m in Sources */,
				75144DAE1EC93ACB002BFD56 /* main.m in Sources */,
			);
			runOnlyForDeploymentPostprocessing = 0;
		};
		75144DBE1EC93ACB002BFD56 /* Sources */ = {
			isa = PBXSourcesBuildPhase;
			buildActionMask = 2147483647;
			files = (
				75144DC71EC93ACB002BFD56 /* Runtime_nilTests.m in Sources */,
			);
			runOnlyForDeploymentPostprocessing = 0;
		};
		75144DC91EC93ACB002BFD56 /* Sources */ = {
			isa = PBXSourcesBuildPhase;
			buildActionMask = 2147483647;
			files = (
				75144DD21EC93ACB002BFD56 /* Runtime_nilUITests.m in Sources */,
			);
			runOnlyForDeploymentPostprocessing = 0;
		};
/* End PBXSourcesBuildPhase section */

/* Begin PBXTargetDependency section */
		75144DC41EC93ACB002BFD56 /* PBXTargetDependency */ = {
			isa = PBXTargetDependency;
			target = 75144DA81EC93ACB002BFD56 /* Runtime_nil */;
			targetProxy = 75144DC31EC93ACB002BFD56 /* PBXContainerItemProxy */;
		};
		75144DCF1EC93ACB002BFD56 /* PBXTargetDependency */ = {
			isa = PBXTargetDependency;
			target = 75144DA81EC93ACB002BFD56 /* Runtime_nil */;
			targetProxy = 75144DCE1EC93ACB002BFD56 /* PBXContainerItemProxy */;
		};
/* End PBXTargetDependency section */

/* Begin PBXVariantGroup section */
		75144DB51EC93ACB002BFD56 /* Main.storyboard */ = {
			isa = PBXVariantGroup;
			children = (
				75144DB61EC93ACB002BFD56 /* Base */,
			);
			name = Main.storyboard;
			sourceTree = "<group>";
		};
		75144DBA1EC93ACB002BFD56 /* LaunchScreen.storyboard */ = {
			isa = PBXVariantGroup;
			children = (
				75144DBB1EC93ACB002BFD56 /* Base */,
			);
			name = LaunchScreen.storyboard;
			sourceTree = "<group>";
		};
/* End PBXVariantGroup section */

/* Begin XCBuildConfiguration section */
		75144DD41EC93ACB002BFD56 /* Debug */ = {
			isa = XCBuildConfiguration;
			buildSettings = {
				ALWAYS_SEARCH_USER_PATHS = NO;
				CLANG_ANALYZER_NONNULL = YES;
				CLANG_CXX_LANGUAGE_STANDARD = "gnu++0x";
				CLANG_CXX_LIBRARY = "libc++";
				CLANG_ENABLE_MODULES = YES;
				CLANG_ENABLE_OBJC_ARC = YES;
				CLANG_WARN_BOOL_CONVERSION = YES;
				CLANG_WARN_CONSTANT_CONVERSION = YES;
				CLANG_WARN_DIRECT_OBJC_ISA_USAGE = YES_ERROR;
				CLANG_WARN_DOCUMENTATION_COMMENTS = YES;
				CLANG_WARN_EMPTY_BODY = YES;
				CLANG_WARN_ENUM_CONVERSION = YES;
				CLANG_WARN_INFINITE_RECURSION = YES;
				CLANG_WARN_INT_CONVERSION = YES;
				CLANG_WARN_OBJC_ROOT_CLASS = YES_ERROR;
				CLANG_WARN_SUSPICIOUS_MOVES = YES;
				CLANG_WARN_UNREACHABLE_CODE = YES;
				CLANG_WARN__DUPLICATE_METHOD_MATCH = YES;
				"CODE_SIGN_IDENTITY[sdk=iphoneos*]" = "iPhone Developer";
				COPY_PHASE_STRIP = NO;
				DEBUG_INFORMATION_FORMAT = dwarf;
				ENABLE_STRICT_OBJC_MSGSEND = YES;
				ENABLE_TESTABILITY = YES;
				GCC_C_LANGUAGE_STANDARD = gnu99;
				GCC_DYNAMIC_NO_PIC = NO;
				GCC_NO_COMMON_BLOCKS = YES;
				GCC_OPTIMIZATION_LEVEL = 0;
				GCC_PREPROCESSOR_DEFINITIONS = (
					"DEBUG=1",
					"$(inherited)",
				);
				GCC_WARN_64_TO_32_BIT_CONVERSION = YES;
				GCC_WARN_ABOUT_RETURN_TYPE = YES_ERROR;
				GCC_WARN_UNDECLARED_SELECTOR = YES;
				GCC_WARN_UNINITIALIZED_AUTOS = YES_AGGRESSIVE;
				GCC_WARN_UNUSED_FUNCTION = YES;
				GCC_WARN_UNUSED_VARIABLE = YES;
				IPHONEOS_DEPLOYMENT_TARGET = 10.1;
				MTL_ENABLE_DEBUG_INFO = YES;
				ONLY_ACTIVE_ARCH = YES;
				SDKROOT = iphoneos;
				TARGETED_DEVICE_FAMILY = "1,2";
			};
			name = Debug;
		};
		75144DD51EC93ACB002BFD56 /* Release */ = {
			isa = XCBuildConfiguration;
			buildSettings = {
				ALWAYS_SEARCH_USER_PATHS = NO;
				CLANG_ANALYZER_NONNULL = YES;
				CLANG_CXX_LANGUAGE_STANDARD = "gnu++0x";
				CLANG_CXX_LIBRARY = "libc++";
				CLANG_ENABLE_MODULES = YES;
				CLANG_ENABLE_OBJC_ARC = YES;
				CLANG_WARN_BOOL_CONVERSION = YES;
				CLANG_WARN_CONSTANT_CONVERSION = YES;
				CLANG_WARN_DIRECT_OBJC_ISA_USAGE = YES_ERROR;
				CLANG_WARN_DOCUMENTATION_COMMENTS = YES;
				CLANG_WARN_EMPTY_BODY = YES;
				CLANG_WARN_ENUM_CONVERSION = YES;
				CLANG_WARN_INFINITE_RECURSION = YES;
				CLANG_WARN_INT_CONVERSION = YES;
				CLANG_WARN_OBJC_ROOT_CLASS = YES_ERROR;
				CLANG_WARN_SUSPICIOUS_MOVES = YES;
				CLANG_WARN_UNREACHABLE_CODE = YES;
				CLANG_WARN__DUPLICATE_METHOD_MATCH = YES;
				"CODE_SIGN_IDENTITY[sdk=iphoneos*]" = "iPhone Developer";
				COPY_PHASE_STRIP = NO;
				DEBUG_INFORMATION_FORMAT = "dwarf-with-dsym";
				ENABLE_NS_ASSERTIONS = NO;
				ENABLE_STRICT_OBJC_MSGSEND = YES;
				GCC_C_LANGUAGE_STANDARD = gnu99;
				GCC_NO_COMMON_BLOCKS = YES;
				GCC_WARN_64_TO_32_BIT_CONVERSION = YES;
				GCC_WARN_ABOUT_RETURN_TYPE = YES_ERROR;
				GCC_WARN_UNDECLARED_SELECTOR = YES;
				GCC_WARN_UNINITIALIZED_AUTOS = YES_AGGRESSIVE;
				GCC_WARN_UNUSED_FUNCTION = YES;
				GCC_WARN_UNUSED_VARIABLE = YES;
				IPHONEOS_DEPLOYMENT_TARGET = 10.1;
				MTL_ENABLE_DEBUG_INFO = NO;
				SDKROOT = iphoneos;
				TARGETED_DEVICE_FAMILY = "1,2";
				VALIDATE_PRODUCT = YES;
			};
			name = Release;
		};
		75144DD71EC93ACB002BFD56 /* Debug */ = {
			isa = XCBuildConfiguration;
			buildSettings = {
				ASSETCATALOG_COMPILER_APPICON_NAME = AppIcon;
				DEVELOPMENT_TEAM = 65Y8F76Y6Z;
				INFOPLIST_FILE = Runtime_nil/Info.plist;
				LD_RUNPATH_SEARCH_PATHS = "$(inherited) @executable_path/Frameworks";
				PRODUCT_BUNDLE_IDENTIFIER = "xw.Runtime-nil";
				PRODUCT_NAME = "$(TARGET_NAME)";
			};
			name = Debug;
		};
		75144DD81EC93ACB002BFD56 /* Release */ = {
			isa = XCBuildConfiguration;
			buildSettings = {
				ASSETCATALOG_COMPILER_APPICON_NAME = AppIcon;
				DEVELOPMENT_TEAM = 65Y8F76Y6Z;
				INFOPLIST_FILE = Runtime_nil/Info.plist;
				LD_RUNPATH_SEARCH_PATHS = "$(inherited) @executable_path/Frameworks";
				PRODUCT_BUNDLE_IDENTIFIER = "xw.Runtime-nil";
				PRODUCT_NAME = "$(TARGET_NAME)";
			};
			name = Release;
		};
		75144DDA1EC93ACB002BFD56 /* Debug */ = {
			isa = XCBuildConfiguration;
			buildSettings = {
				BUNDLE_LOADER = "$(TEST_HOST)";
				DEVELOPMENT_TEAM = 65Y8F76Y6Z;
				INFOPLIST_FILE = Runtime_nilTests/Info.plist;
				LD_RUNPATH_SEARCH_PATHS = "$(inherited) @executable_path/Frameworks @loader_path/Frameworks";
				PRODUCT_BUNDLE_IDENTIFIER = "xw.Runtime-nilTests";
				PRODUCT_NAME = "$(TARGET_NAME)";
				TEST_HOST = "$(BUILT_PRODUCTS_DIR)/Runtime_nil.app/Runtime_nil";
			};
			name = Debug;
		};
		75144DDB1EC93ACB002BFD56 /* Release */ = {
			isa = XCBuildConfiguration;
			buildSettings = {
				BUNDLE_LOADER = "$(TEST_HOST)";
				DEVELOPMENT_TEAM = 65Y8F76Y6Z;
				INFOPLIST_FILE = Runtime_nilTests/Info.plist;
				LD_RUNPATH_SEARCH_PATHS = "$(inherited) @executable_path/Frameworks @loader_path/Frameworks";
				PRODUCT_BUNDLE_IDENTIFIER = "xw.Runtime-nilTests";
				PRODUCT_NAME = "$(TARGET_NAME)";
				TEST_HOST = "$(BUILT_PRODUCTS_DIR)/Runtime_nil.app/Runtime_nil";
			};
			name = Release;
		};
		75144DDD1EC93ACB002BFD56 /* Debug */ = {
			isa = XCBuildConfiguration;
			buildSettings = {
				DEVELOPMENT_TEAM = 65Y8F76Y6Z;
				INFOPLIST_FILE = Runtime_nilUITests/Info.plist;
				LD_RUNPATH_SEARCH_PATHS = "$(inherited) @executable_path/Frameworks @loader_path/Frameworks";
				PRODUCT_BUNDLE_IDENTIFIER = "xw.Runtime-nilUITests";
				PRODUCT_NAME = "$(TARGET_NAME)";
				TEST_TARGET_NAME = Runtime_nil;
			};
			name = Debug;
		};
		75144DDE1EC93ACB002BFD56 /* Release */ = {
			isa = XCBuildConfiguration;
			buildSettings = {
				DEVELOPMENT_TEAM = 65Y8F76Y6Z;
				INFOPLIST_FILE = Runtime_nilUITests/Info.plist;
				LD_RUNPATH_SEARCH_PATHS = "$(inherited) @executable_path/Frameworks @loader_path/Frameworks";
				PRODUCT_BUNDLE_IDENTIFIER = "xw.Runtime-nilUITests";
				PRODUCT_NAME = "$(TARGET_NAME)";
				TEST_TARGET_NAME = Runtime_nil;
			};
			name = Release;
		};
/* End XCBuildConfiguration section */

/* Begin XCConfigurationList section */
		75144DA41EC93ACB002BFD56 /* Build configuration list for PBXProject "Runtime_nil" */ = {
			isa = XCConfigurationList;
			buildConfigurations = (
				75144DD41EC93ACB002BFD56 /* Debug */,
				75144DD51EC93ACB002BFD56 /* Release */,
			);
			defaultConfigurationIsVisible = 0;
			defaultConfigurationName = Release;
		};
		75144DD61EC93ACB002BFD56 /* Build configuration list for PBXNativeTarget "Runtime_nil" */ = {
			isa = XCConfigurationList;
			buildConfigurations = (
				75144DD71EC93ACB002BFD56 /* Debug */,
				75144DD81EC93ACB002BFD56 /* Release */,
			);
			defaultConfigurationIsVisible = 0;
		};
		75144DD91EC93ACB002BFD56 /* Build configuration list for PBXNativeTarget "Runtime_nilTests" */ = {
			isa = XCConfigurationList;
			buildConfigurations = (
				75144DDA1EC93ACB002BFD56 /* Debug */,
				75144DDB1EC93ACB002BFD56 /* Release */,
			);
			defaultConfigurationIsVisible = 0;
		};
		75144DDC1EC93ACB002BFD56 /* Build configuration list for PBXNativeTarget "Runtime_nilUITests" */ = {
			isa = XCConfigurationList;
			buildConfigurations = (
				75144DDD1EC93ACB002BFD56 /* Debug */,
				75144DDE1EC93ACB002BFD56 /* Release */,
			);
			defaultConfigurationIsVisible = 0;
		};
/* End XCConfigurationList section */
	};
	rootObject = 75144DA11EC93ACB002BFD56 /* Project object */;
}
