// !$*UTF8*$!
{
	archiveVersion = 1;
	classes = {
	};
	objectVersion = 46;
	objects = {

/* Begin PBXBuildFile section */
		75144E321ECE7CCD002BFD56 /* main.m in Sources */ = {isa = PBXBuildFile; fileRef = 75144E311ECE7CCD002BFD56 /* main.m */; };
		75144E351ECE7CCD002BFD56 /* AppDelegate.m in Sources */ = {isa = PBXBuildFile; fileRef = 75144E341ECE7CCD002BFD56 /* AppDelegate.m */; };
		75144E381ECE7CCD002BFD56 /* ViewController.m in Sources */ = {isa = PBXBuildFile; fileRef = 75144E371ECE7CCD002BFD56 /* ViewController.m */; };
		75144E3B1ECE7CCD002BFD56 /* Main.storyboard in Resources */ = {isa = PBXBuildFile; fileRef = 75144E391ECE7CCD002BFD56 /* Main.storyboard */; };
		75144E3D1ECE7CCD002BFD56 /* Assets.xcassets in Resources */ = {isa = PBXBuildFile; fileRef = 75144E3C1ECE7CCD002BFD56 /* Assets.xcassets */; };
		75144E401ECE7CCD002BFD56 /* LaunchScreen.storyboard in Resources */ = {isa = PBXBuildFile; fileRef = 75144E3E1ECE7CCD002BFD56 /* LaunchScreen.storyboard */; };
		75144E4B1ECE7CCD002BFD56 /* LHComboBoxTests.m in Sources */ = {isa = PBXBuildFile; fileRef = 75144E4A1ECE7CCD002BFD56 /* LHComboBoxTests.m */; };
		75144E561ECE7CCE002BFD56 /* LHComboBoxUITests.m in Sources */ = {isa = PBXBuildFile; fileRef = 75144E551ECE7CCE002BFD56 /* LHComboBoxUITests.m */; };
		75144E671ECE7F3C002BFD56 /* LHTreeNode.m in Sources */ = {isa = PBXBuildFile; fileRef = 75144E661ECE7F3C002BFD56 /* LHTreeNode.m */; };
		75144E6A1ECE7F5B002BFD56 /* LHTree.m in Sources */ = {isa = PBXBuildFile; fileRef = 75144E691ECE7F5B002BFD56 /* LHTree.m */; };
		75144E6D1ECE8229002BFD56 /* data.json in Resources */ = {isa = PBXBuildFile; fileRef = 75144E6C1ECE8229002BFD56 /* data.json */; };
		75144E761ECEC049002BFD56 /* LHDropDownBox.m in Sources */ = {isa = PBXBuildFile; fileRef = 75144E751ECEC049002BFD56 /* LHDropDownBox.m */; };
		75144E791ECEC064002BFD56 /* LHComBoBoxView.m in Sources */ = {isa = PBXBuildFile; fileRef = 75144E781ECEC064002BFD56 /* LHComBoBoxView.m */; };
		75144E7E1ECEC123002BFD56 /* UIColor+ComboBoxExtension.m in Sources */ = {isa = PBXBuildFile; fileRef = 75144E7B1ECEC123002BFD56 /* UIColor+ComboBoxExtension.m */; };
		75144E7F1ECEC123002BFD56 /* UIView+ComboBoxExtension.m in Sources */ = {isa = PBXBuildFile; fileRef = 75144E7D1ECEC123002BFD56 /* UIView+ComboBoxExtension.m */; };
		75144E831ECEC887002BFD56 /* pulldown.png in Resources */ = {isa = PBXBuildFile; fileRef = 75144E811ECEC887002BFD56 /* pulldown.png */; };
		75144E841ECEC887002BFD56 /* pullup.png in Resources */ = {isa = PBXBuildFile; fileRef = 75144E821ECEC887002BFD56 /* pullup.png */; };
		75144E881ECEC93D002BFD56 /* LHPopupView.m in Sources */ = {isa = PBXBuildFile; fileRef = 75144E871ECEC93D002BFD56 /* LHPopupView.m */; };
		75144E8B1ECECC90002BFD56 /* LHBasePopupView.m in Sources */ = {isa = PBXBuildFile; fileRef = 75144E8A1ECECC90002BFD56 /* LHBasePopupView.m */; };
		75144E8E1ECECD8F002BFD56 /* LHSinglePopupView.m in Sources */ = {isa = PBXBuildFile; fileRef = 75144E8D1ECECD8F002BFD56 /* LHSinglePopupView.m */; };
		75144E911ECED7F7002BFD56 /* LHFiltersCell.m in Sources */ = {isa = PBXBuildFile; fileRef = 75144E901ECED7F6002BFD56 /* LHFiltersCell.m */; };
		75144E941ECEDA88002BFD56 /* LHFoldView.m in Sources */ = {isa = PBXBuildFile; fileRef = 75144E931ECEDA88002BFD56 /* LHFoldView.m */; };
		75144E991ECEE488002BFD56 /* LHLayout.m in Sources */ = {isa = PBXBuildFile; fileRef = 75144E981ECEE488002BFD56 /* LHLayout.m */; };
/* End PBXBuildFile section */

/* Begin PBXContainerItemProxy section */
		75144E471ECE7CCD002BFD56 /* PBXContainerItemProxy */ = {
			isa = PBXContainerItemProxy;
			containerPortal = 75144E251ECE7CCD002BFD56 /* Project object */;
			proxyType = 1;
			remoteGlobalIDString = 75144E2C1ECE7CCD002BFD56;
			remoteInfo = LHComboBox;
		};
		75144E521ECE7CCE002BFD56 /* PBXContainerItemProxy */ = {
			isa = PBXContainerItemProxy;
			containerPortal = 75144E251ECE7CCD002BFD56 /* Project object */;
			proxyType = 1;
			remoteGlobalIDString = 75144E2C1ECE7CCD002BFD56;
			remoteInfo = LHComboBox;
		};
/* End PBXContainerItemProxy section */

/* Begin PBXFileReference section */
		75144E2D1ECE7CCD002BFD56 /* LHComboBox.app */ = {isa = PBXFileReference; explicitFileType = wrapper.application; includeInIndex = 0; path = LHComboBox.app; sourceTree = BUILT_PRODUCTS_DIR; };
		75144E311ECE7CCD002BFD56 /* main.m */ = {isa = PBXFileReference; lastKnownFileType = sourcecode.c.objc; path = main.m; sourceTree = "<group>"; };
		75144E331ECE7CCD002BFD56 /* AppDelegate.h */ = {isa = PBXFileReference; lastKnownFileType = sourcecode.c.h; path = AppDelegate.h; sourceTree = "<group>"; };
		75144E341ECE7CCD002BFD56 /* AppDelegate.m */ = {isa = PBXFileReference; lastKnownFileType = sourcecode.c.objc; path = AppDelegate.m; sourceTree = "<group>"; };
		75144E361ECE7CCD002BFD56 /* ViewController.h */ = {isa = PBXFileReference; lastKnownFileType = sourcecode.c.h; path = ViewController.h; sourceTree = "<group>"; };
		75144E371ECE7CCD002BFD56 /* ViewController.m */ = {isa = PBXFileReference; lastKnownFileType = sourcecode.c.objc; path = ViewController.m; sourceTree = "<group>"; };
		75144E3A1ECE7CCD002BFD56 /* Base */ = {isa = PBXFileReference; lastKnownFileType = file.storyboard; name = Base; path = Base.lproj/Main.storyboard; sourceTree = "<group>"; };
		75144E3C1ECE7CCD002BFD56 /* Assets.xcassets */ = {isa = PBXFileReference; lastKnownFileType = folder.assetcatalog; path = Assets.xcassets; sourceTree = "<group>"; };
		75144E3F1ECE7CCD002BFD56 /* Base */ = {isa = PBXFileReference; lastKnownFileType = file.storyboard; name = Base; path = Base.lproj/LaunchScreen.storyboard; sourceTree = "<group>"; };
		75144E411ECE7CCD002BFD56 /* Info.plist */ = {isa = PBXFileReference; lastKnownFileType = text.plist.xml; path = Info.plist; sourceTree = "<group>"; };
		75144E461ECE7CCD002BFD56 /* LHComboBoxTests.xctest */ = {isa = PBXFileReference; explicitFileType = wrapper.cfbundle; includeInIndex = 0; path = LHComboBoxTests.xctest; sourceTree = BUILT_PRODUCTS_DIR; };
		75144E4A1ECE7CCD002BFD56 /* LHComboBoxTests.m */ = {isa = PBXFileReference; lastKnownFileType = sourcecode.c.objc; path = LHComboBoxTests.m; sourceTree = "<group>"; };
		75144E4C1ECE7CCD002BFD56 /* Info.plist */ = {isa = PBXFileReference; lastKnownFileType = text.plist.xml; path = Info.plist; sourceTree = "<group>"; };
		75144E511ECE7CCE002BFD56 /* LHComboBoxUITests.xctest */ = {isa = PBXFileReference; explicitFileType = wrapper.cfbundle; includeInIndex = 0; path = LHComboBoxUITests.xctest; sourceTree = BUILT_PRODUCTS_DIR; };
		75144E551ECE7CCE002BFD56 /* LHComboBoxUITests.m */ = {isa = PBXFileReference; lastKnownFileType = sourcecode.c.objc; path = LHComboBoxUITests.m; sourceTree = "<group>"; };
		75144E571ECE7CCE002BFD56 /* Info.plist */ = {isa = PBXFileReference; lastKnownFileType = text.plist.xml; path = Info.plist; sourceTree = "<group>"; };
		75144E651ECE7F3C002BFD56 /* LHTreeNode.h */ = {isa = PBXFileReference; fileEncoding = 4; lastKnownFileType = sourcecode.c.h; name = LHTreeNode.h; path = ../LHTreeNode.h; sourceTree = "<group>"; };
		75144E661ECE7F3C002BFD56 /* LHTreeNode.m */ = {isa = PBXFileReference; fileEncoding = 4; lastKnownFileType = sourcecode.c.objc; name = LHTreeNode.m; path = ../LHTreeNode.m; sourceTree = "<group>"; };
		75144E681ECE7F5B002BFD56 /* LHTree.h */ = {isa = PBXFileReference; fileEncoding = 4; lastKnownFileType = sourcecode.c.h; path = LHTree.h; sourceTree = "<group>"; };
		75144E691ECE7F5B002BFD56 /* LHTree.m */ = {isa = PBXFileReference; fileEncoding = 4; lastKnownFileType = sourcecode.c.objc; path = LHTree.m; sourceTree = "<group>"; };
		75144E6C1ECE8229002BFD56 /* data.json */ = {isa = PBXFileReference; fileEncoding = 4; lastKnownFileType = text.json; path = data.json; sourceTree = "<group>"; };
		75144E741ECEC049002BFD56 /* LHDropDownBox.h */ = {isa = PBXFileReference; fileEncoding = 4; lastKnownFileType = sourcecode.c.h; path = LHDropDownBox.h; sourceTree = "<group>"; };
		75144E751ECEC049002BFD56 /* LHDropDownBox.m */ = {isa = PBXFileReference; fileEncoding = 4; lastKnownFileType = sourcecode.c.objc; path = LHDropDownBox.m; sourceTree = "<group>"; };
		75144E771ECEC064002BFD56 /* LHComBoBoxView.h */ = {isa = PBXFileReference; fileEncoding = 4; lastKnownFileType = sourcecode.c.h; path = LHComBoBoxView.h; sourceTree = "<group>"; };
		75144E781ECEC064002BFD56 /* LHComBoBoxView.m */ = {isa = PBXFileReference; fileEncoding = 4; lastKnownFileType = sourcecode.c.objc; path = LHComBoBoxView.m; sourceTree = "<group>"; };
		75144E7A1ECEC123002BFD56 /* UIColor+ComboBoxExtension.h */ = {isa = PBXFileReference; fileEncoding = 4; lastKnownFileType = sourcecode.c.h; path = "UIColor+ComboBoxExtension.h"; sourceTree = "<group>"; };
		75144E7B1ECEC123002BFD56 /* UIColor+ComboBoxExtension.m */ = {isa = PBXFileReference; fileEncoding = 4; lastKnownFileType = sourcecode.c.objc; path = "UIColor+ComboBoxExtension.m"; sourceTree = "<group>"; };
		75144E7C1ECEC123002BFD56 /* UIView+ComboBoxExtension.h */ = {isa = PBXFileReference; fileEncoding = 4; lastKnownFileType = sourcecode.c.h; path = "UIView+ComboBoxExtension.h"; sourceTree = "<group>"; };
		75144E7D1ECEC123002BFD56 /* UIView+ComboBoxExtension.m */ = {isa = PBXFileReference; fileEncoding = 4; lastKnownFileType = sourcecode.c.objc; path = "UIView+ComboBoxExtension.m"; sourceTree = "<group>"; };
		75144E801ECEC14D002BFD56 /* LHComboBoxHeader.h */ = {isa = PBXFileReference; lastKnownFileType = sourcecode.c.h; path = LHComboBoxHeader.h; sourceTree = "<group>"; };
		75144E811ECEC887002BFD56 /* pulldown.png */ = {isa = PBXFileReference; lastKnownFileType = image.png; path = pulldown.png; sourceTree = "<group>"; };
		75144E821ECEC887002BFD56 /* pullup.png */ = {isa = PBXFileReference; lastKnownFileType = image.png; path = pullup.png; sourceTree = "<group>"; };
		75144E861ECEC93D002BFD56 /* LHPopupView.h */ = {isa = PBXFileReference; fileEncoding = 4; lastKnownFileType = sourcecode.c.h; path = LHPopupView.h; sourceTree = "<group>"; };
		75144E871ECEC93D002BFD56 /* LHPopupView.m */ = {isa = PBXFileReference; fileEncoding = 4; lastKnownFileType = sourcecode.c.objc; path = LHPopupView.m; sourceTree = "<group>"; };
		75144E891ECECC90002BFD56 /* LHBasePopupView.h */ = {isa = PBXFileReference; fileEncoding = 4; lastKnownFileType = sourcecode.c.h; path = LHBasePopupView.h; sourceTree = "<group>"; };
		75144E8A1ECECC90002BFD56 /* LHBasePopupView.m */ = {isa = PBXFileReference; fileEncoding = 4; lastKnownFileType = sourcecode.c.objc; path = LHBasePopupView.m; sourceTree = "<group>"; };
		75144E8C1ECECD8F002BFD56 /* LHSinglePopupView.h */ = {isa = PBXFileReference; fileEncoding = 4; lastKnownFileType = sourcecode.c.h; path = LHSinglePopupView.h; sourceTree = "<group>"; };
		75144E8D1ECECD8F002BFD56 /* LHSinglePopupView.m */ = {isa = PBXFileReference; fileEncoding = 4; lastKnownFileType = sourcecode.c.objc; path = LHSinglePopupView.m; sourceTree = "<group>"; };
		75144E8F1ECED7F6002BFD56 /* LHFiltersCell.h */ = {isa = PBXFileReference; fileEncoding = 4; lastKnownFileType = sourcecode.c.h; path = LHFiltersCell.h; sourceTree = "<group>"; };
		75144E901ECED7F6002BFD56 /* LHFiltersCell.m */ = {isa = PBXFileReference; fileEncoding = 4; lastKnownFileType = sourcecode.c.objc; path = LHFiltersCell.m; sourceTree = "<group>"; };
		75144E921ECEDA88002BFD56 /* LHFoldView.h */ = {isa = PBXFileReference; fileEncoding = 4; lastKnownFileType = sourcecode.c.h; path = LHFoldView.h; sourceTree = "<group>"; };
		75144E931ECEDA88002BFD56 /* LHFoldView.m */ = {isa = PBXFileReference; fileEncoding = 4; lastKnownFileType = sourcecode.c.objc; path = LHFoldView.m; sourceTree = "<group>"; };
		75144E971ECEE488002BFD56 /* LHLayout.h */ = {isa = PBXFileReference; fileEncoding = 4; lastKnownFileType = sourcecode.c.h; path = LHLayout.h; sourceTree = "<group>"; };
		75144E981ECEE488002BFD56 /* LHLayout.m */ = {isa = PBXFileReference; fileEncoding = 4; lastKnownFileType = sourcecode.c.objc; path = LHLayout.m; sourceTree = "<group>"; };
/* End PBXFileReference section */

/* Begin PBXFrameworksBuildPhase section */
		75144E2A1ECE7CCD002BFD56 /* Frameworks */ = {
			isa = PBXFrameworksBuildPhase;
			buildActionMask = 2147483647;
			files = (
			);
			runOnlyForDeploymentPostprocessing = 0;
		};
		75144E431ECE7CCD002BFD56 /* Frameworks */ = {
			isa = PBXFrameworksBuildPhase;
			buildActionMask = 2147483647;
			files = (
			);
			runOnlyForDeploymentPostprocessing = 0;
		};
		75144E4E1ECE7CCE002BFD56 /* Frameworks */ = {
			isa = PBXFrameworksBuildPhase;
			buildActionMask = 2147483647;
			files = (
			);
			runOnlyForDeploymentPostprocessing = 0;
		};
/* End PBXFrameworksBuildPhase section */

/* Begin PBXGroup section */
		75144E241ECE7CCD002BFD56 = {
			isa = PBXGroup;
			children = (
				75144E2F1ECE7CCD002BFD56 /* LHComboBox */,
				75144E491ECE7CCD002BFD56 /* LHComboBoxTests */,
				75144E541ECE7CCE002BFD56 /* LHComboBoxUITests */,
				75144E2E1ECE7CCD002BFD56 /* Products */,
			);
			sourceTree = "<group>";
		};
		75144E2E1ECE7CCD002BFD56 /* Products */ = {
			isa = PBXGroup;
			children = (
				75144E2D1ECE7CCD002BFD56 /* LHComboBox.app */,
				75144E461ECE7CCD002BFD56 /* LHComboBoxTests.xctest */,
				75144E511ECE7CCE002BFD56 /* LHComboBoxUITests.xctest */,
			);
			name = Products;
			sourceTree = "<group>";
		};
		75144E2F1ECE7CCD002BFD56 /* LHComboBox */ = {
			isa = PBXGroup;
			children = (
				75144E961ECEE46B002BFD56 /* Model */,
				75144E951ECEDCBB002BFD56 /* Header */,
				75144E851ECEC90E002BFD56 /* PopView */,
				75144E811ECEC887002BFD56 /* pulldown.png */,
				75144E821ECEC887002BFD56 /* pullup.png */,
				75144E7A1ECEC123002BFD56 /* UIColor+ComboBoxExtension.h */,
				75144E7B1ECEC123002BFD56 /* UIColor+ComboBoxExtension.m */,
				75144E7C1ECEC123002BFD56 /* UIView+ComboBoxExtension.h */,
				75144E7D1ECEC123002BFD56 /* UIView+ComboBoxExtension.m */,
				75144E6C1ECE8229002BFD56 /* data.json */,
				75144E331ECE7CCD002BFD56 /* AppDelegate.h */,
				75144E341ECE7CCD002BFD56 /* AppDelegate.m */,
				75144E361ECE7CCD002BFD56 /* ViewController.h */,
				75144E371ECE7CCD002BFD56 /* ViewController.m */,
				75144E741ECEC049002BFD56 /* LHDropDownBox.h */,
				75144E751ECEC049002BFD56 /* LHDropDownBox.m */,
				75144E771ECEC064002BFD56 /* LHComBoBoxView.h */,
				75144E781ECEC064002BFD56 /* LHComBoBoxView.m */,
				75144E391ECE7CCD002BFD56 /* Main.storyboard */,
				75144E3C1ECE7CCD002BFD56 /* Assets.xcassets */,
				75144E3E1ECE7CCD002BFD56 /* LaunchScreen.storyboard */,
				75144E411ECE7CCD002BFD56 /* Info.plist */,
				75144E301ECE7CCD002BFD56 /* Supporting Files */,
			);
			path = LHComboBox;
			sourceTree = "<group>";
		};
		75144E301ECE7CCD002BFD56 /* Supporting Files */ = {
			isa = PBXGroup;
			children = (
				75144E311ECE7CCD002BFD56 /* main.m */,
			);
			name = "Supporting Files";
			sourceTree = "<group>";
		};
		75144E491ECE7CCD002BFD56 /* LHComboBoxTests */ = {
			isa = PBXGroup;
			children = (
				75144E4A1ECE7CCD002BFD56 /* LHComboBoxTests.m */,
				75144E4C1ECE7CCD002BFD56 /* Info.plist */,
			);
			path = LHComboBoxTests;
			sourceTree = "<group>";
		};
		75144E541ECE7CCE002BFD56 /* LHComboBoxUITests */ = {
			isa = PBXGroup;
			children = (
				75144E551ECE7CCE002BFD56 /* LHComboBoxUITests.m */,
				75144E571ECE7CCE002BFD56 /* Info.plist */,
			);
			path = LHComboBoxUITests;
			sourceTree = "<group>";
		};
		75144E851ECEC90E002BFD56 /* PopView */ = {
			isa = PBXGroup;
			children = (
				75144E861ECEC93D002BFD56 /* LHPopupView.h */,
				75144E871ECEC93D002BFD56 /* LHPopupView.m */,
				75144E891ECECC90002BFD56 /* LHBasePopupView.h */,
				75144E8A1ECECC90002BFD56 /* LHBasePopupView.m */,
				75144E8C1ECECD8F002BFD56 /* LHSinglePopupView.h */,
				75144E8D1ECECD8F002BFD56 /* LHSinglePopupView.m */,
				75144E8F1ECED7F6002BFD56 /* LHFiltersCell.h */,
				75144E901ECED7F6002BFD56 /* LHFiltersCell.m */,
				75144E921ECEDA88002BFD56 /* LHFoldView.h */,
				75144E931ECEDA88002BFD56 /* LHFoldView.m */,
			);
			name = PopView;
			sourceTree = "<group>";
		};
		75144E951ECEDCBB002BFD56 /* Header */ = {
			isa = PBXGroup;
			children = (
				75144E801ECEC14D002BFD56 /* LHComboBoxHeader.h */,
			);
			name = Header;
			sourceTree = "<group>";
		};
		75144E961ECEE46B002BFD56 /* Model */ = {
			isa = PBXGroup;
			children = (
				75144E681ECE7F5B002BFD56 /* LHTree.h */,
				75144E691ECE7F5B002BFD56 /* LHTree.m */,
				75144E651ECE7F3C002BFD56 /* LHTreeNode.h */,
				75144E661ECE7F3C002BFD56 /* LHTreeNode.m */,
				75144E971ECEE488002BFD56 /* LHLayout.h */,
				75144E981ECEE488002BFD56 /* LHLayout.m */,
			);
			name = Model;
			sourceTree = "<group>";
		};
/* End PBXGroup section */

/* Begin PBXNativeTarget section */
		75144E2C1ECE7CCD002BFD56 /* LHComboBox */ = {
			isa = PBXNativeTarget;
			buildConfigurationList = 75144E5A1ECE7CCE002BFD56 /* Build configuration list for PBXNativeTarget "LHComboBox" */;
			buildPhases = (
				75144E291ECE7CCD002BFD56 /* Sources */,
				75144E2A1ECE7CCD002BFD56 /* Frameworks */,
				75144E2B1ECE7CCD002BFD56 /* Resources */,
			);
			buildRules = (
			);
			dependencies = (
			);
			name = LHComboBox;
			productName = LHComboBox;
			productReference = 75144E2D1ECE7CCD002BFD56 /* LHComboBox.app */;
			productType = "com.apple.product-type.application";
		};
		75144E451ECE7CCD002BFD56 /* LHComboBoxTests */ = {
			isa = PBXNativeTarget;
			buildConfigurationList = 75144E5D1ECE7CCE002BFD56 /* Build configuration list for PBXNativeTarget "LHComboBoxTests" */;
			buildPhases = (
				75144E421ECE7CCD002BFD56 /* Sources */,
				75144E431ECE7CCD002BFD56 /* Frameworks */,
				75144E441ECE7CCD002BFD56 /* Resources */,
			);
			buildRules = (
			);
			dependencies = (
				75144E481ECE7CCD002BFD56 /* PBXTargetDependency */,
			);
			name = LHComboBoxTests;
			productName = LHComboBoxTests;
			productReference = 75144E461ECE7CCD002BFD56 /* LHComboBoxTests.xctest */;
			productType = "com.apple.product-type.bundle.unit-test";
		};
		75144E501ECE7CCE002BFD56 /* LHComboBoxUITests */ = {
			isa = PBXNativeTarget;
			buildConfigurationList = 75144E601ECE7CCE002BFD56 /* Build configuration list for PBXNativeTarget "LHComboBoxUITests" */;
			buildPhases = (
				75144E4D1ECE7CCE002BFD56 /* Sources */,
				75144E4E1ECE7CCE002BFD56 /* Frameworks */,
				75144E4F1ECE7CCE002BFD56 /* Resources */,
			);
			buildRules = (
			);
			dependencies = (
				75144E531ECE7CCE002BFD56 /* PBXTargetDependency */,
			);
			name = LHComboBoxUITests;
			productName = LHComboBoxUITests;
			productReference = 75144E511ECE7CCE002BFD56 /* LHComboBoxUITests.xctest */;
			productType = "com.apple.product-type.bundle.ui-testing";
		};
/* End PBXNativeTarget section */

/* Begin PBXProject section */
		75144E251ECE7CCD002BFD56 /* Project object */ = {
			isa = PBXProject;
			attributes = {
				LastUpgradeCheck = 0810;
				ORGANIZATIONNAME = wyy;
				TargetAttributes = {
					75144E2C1ECE7CCD002BFD56 = {
						CreatedOnToolsVersion = 8.1;
						DevelopmentTeam = 65Y8F76Y6Z;
						ProvisioningStyle = Automatic;
					};
					75144E451ECE7CCD002BFD56 = {
						CreatedOnToolsVersion = 8.1;
						DevelopmentTeam = 65Y8F76Y6Z;
						ProvisioningStyle = Automatic;
						TestTargetID = 75144E2C1ECE7CCD002BFD56;
					};
					75144E501ECE7CCE002BFD56 = {
						CreatedOnToolsVersion = 8.1;
						DevelopmentTeam = 65Y8F76Y6Z;
						ProvisioningStyle = Automatic;
						TestTargetID = 75144E2C1ECE7CCD002BFD56;
					};
				};
			};
			buildConfigurationList = 75144E281ECE7CCD002BFD56 /* Build configuration list for PBXProject "LHComboBox" */;
			compatibilityVersion = "Xcode 3.2";
			developmentRegion = English;
			hasScannedForEncodings = 0;
			knownRegions = (
				en,
				Base,
			);
			mainGroup = 75144E241ECE7CCD002BFD56;
			productRefGroup = 75144E2E1ECE7CCD002BFD56 /* Products */;
			projectDirPath = "";
			projectRoot = "";
			targets = (
				75144E2C1ECE7CCD002BFD56 /* LHComboBox */,
				75144E451ECE7CCD002BFD56 /* LHComboBoxTests */,
				75144E501ECE7CCE002BFD56 /* LHComboBoxUITests */,
			);
		};
/* End PBXProject section */

/* Begin PBXResourcesBuildPhase section */
		75144E2B1ECE7CCD002BFD56 /* Resources */ = {
			isa = PBXResourcesBuildPhase;
			buildActionMask = 2147483647;
			files = (
				75144E401ECE7CCD002BFD56 /* LaunchScreen.storyboard in Resources */,
				75144E841ECEC887002BFD56 /* pullup.png in Resources */,
				75144E6D1ECE8229002BFD56 /* data.json in Resources */,
				75144E831ECEC887002BFD56 /* pulldown.png in Resources */,
				75144E3D1ECE7CCD002BFD56 /* Assets.xcassets in Resources */,
				75144E3B1ECE7CCD002BFD56 /* Main.storyboard in Resources */,
			);
			runOnlyForDeploymentPostprocessing = 0;
		};
		75144E441ECE7CCD002BFD56 /* Resources */ = {
			isa = PBXResourcesBuildPhase;
			buildActionMask = 2147483647;
			files = (
			);
			runOnlyForDeploymentPostprocessing = 0;
		};
		75144E4F1ECE7CCE002BFD56 /* Resources */ = {
			isa = PBXResourcesBuildPhase;
			buildActionMask = 2147483647;
			files = (
			);
			runOnlyForDeploymentPostprocessing = 0;
		};
/* End PBXResourcesBuildPhase section */

/* Begin PBXSourcesBuildPhase section */
		75144E291ECE7CCD002BFD56 /* Sources */ = {
			isa = PBXSourcesBuildPhase;
			buildActionMask = 2147483647;
			files = (
				75144E7F1ECEC123002BFD56 /* UIView+ComboBoxExtension.m in Sources */,
				75144E991ECEE488002BFD56 /* LHLayout.m in Sources */,
				75144E881ECEC93D002BFD56 /* LHPopupView.m in Sources */,
				75144E8B1ECECC90002BFD56 /* LHBasePopupView.m in Sources */,
				75144E8E1ECECD8F002BFD56 /* LHSinglePopupView.m in Sources */,
				75144E6A1ECE7F5B002BFD56 /* LHTree.m in Sources */,
				75144E911ECED7F7002BFD56 /* LHFiltersCell.m in Sources */,
				75144E381ECE7CCD002BFD56 /* ViewController.m in Sources */,
				75144E941ECEDA88002BFD56 /* LHFoldView.m in Sources */,
				75144E761ECEC049002BFD56 /* LHDropDownBox.m in Sources */,
				75144E671ECE7F3C002BFD56 /* LHTreeNode.m in Sources */,
				75144E7E1ECEC123002BFD56 /* UIColor+ComboBoxExtension.m in Sources */,
				75144E351ECE7CCD002BFD56 /* AppDelegate.m in Sources */,
				75144E321ECE7CCD002BFD56 /* main.m in Sources */,
				75144E791ECEC064002BFD56 /* LHComBoBoxView.m in Sources */,
			);
			runOnlyForDeploymentPostprocessing = 0;
		};
		75144E421ECE7CCD002BFD56 /* Sources */ = {
			isa = PBXSourcesBuildPhase;
			buildActionMask = 2147483647;
			files = (
				75144E4B1ECE7CCD002BFD56 /* LHComboBoxTests.m in Sources */,
			);
			runOnlyForDeploymentPostprocessing = 0;
		};
		75144E4D1ECE7CCE002BFD56 /* Sources */ = {
			isa = PBXSourcesBuildPhase;
			buildActionMask = 2147483647;
			files = (
				75144E561ECE7CCE002BFD56 /* LHComboBoxUITests.m in Sources */,
			);
			runOnlyForDeploymentPostprocessing = 0;
		};
/* End PBXSourcesBuildPhase section */

/* Begin PBXTargetDependency section */
		75144E481ECE7CCD002BFD56 /* PBXTargetDependency */ = {
			isa = PBXTargetDependency;
			target = 75144E2C1ECE7CCD002BFD56 /* LHComboBox */;
			targetProxy = 75144E471ECE7CCD002BFD56 /* PBXContainerItemProxy */;
		};
		75144E531ECE7CCE002BFD56 /* PBXTargetDependency */ = {
			isa = PBXTargetDependency;
			target = 75144E2C1ECE7CCD002BFD56 /* LHComboBox */;
			targetProxy = 75144E521ECE7CCE002BFD56 /* PBXContainerItemProxy */;
		};
/* End PBXTargetDependency section */

/* Begin PBXVariantGroup section */
		75144E391ECE7CCD002BFD56 /* Main.storyboard */ = {
			isa = PBXVariantGroup;
			children = (
				75144E3A1ECE7CCD002BFD56 /* Base */,
			);
			name = Main.storyboard;
			sourceTree = "<group>";
		};
		75144E3E1ECE7CCD002BFD56 /* LaunchScreen.storyboard */ = {
			isa = PBXVariantGroup;
			children = (
				75144E3F1ECE7CCD002BFD56 /* Base */,
			);
			name = LaunchScreen.storyboard;
			sourceTree = "<group>";
		};
/* End PBXVariantGroup section */

/* Begin XCBuildConfiguration section */
		75144E581ECE7CCE002BFD56 /* Debug */ = {
			isa = XCBuildConfiguration;
			buildSettings = {
				ALWAYS_SEARCH_USER_PATHS = NO;
				CLANG_ANALYZER_NONNULL = YES;
				CLANG_CXX_LANGUAGE_STANDARD = "gnu++0x";
				CLANG_CXX_LIBRARY = "libc++";
				CLANG_ENABLE_MODULES = YES;
				CLANG_ENABLE_OBJC_ARC = YES;
				CLANG_WARN_BOOL_CONVERSION = YES;
				CLANG_WARN_CONSTANT_CONVERSION = YES;
				CLANG_WARN_DIRECT_OBJC_ISA_USAGE = YES_ERROR;
				CLANG_WARN_DOCUMENTATION_COMMENTS = YES;
				CLANG_WARN_EMPTY_BODY = YES;
				CLANG_WARN_ENUM_CONVERSION = YES;
				CLANG_WARN_INFINITE_RECURSION = YES;
				CLANG_WARN_INT_CONVERSION = YES;
				CLANG_WARN_OBJC_ROOT_CLASS = YES_ERROR;
				CLANG_WARN_SUSPICIOUS_MOVES = YES;
				CLANG_WARN_UNREACHABLE_CODE = YES;
				CLANG_WARN__DUPLICATE_METHOD_MATCH = YES;
				"CODE_SIGN_IDENTITY[sdk=iphoneos*]" = "iPhone Developer";
				COPY_PHASE_STRIP = NO;
				DEBUG_INFORMATION_FORMAT = dwarf;
				ENABLE_STRICT_OBJC_MSGSEND = YES;
				ENABLE_TESTABILITY = YES;
				GCC_C_LANGUAGE_STANDARD = gnu99;
				GCC_DYNAMIC_NO_PIC = NO;
				GCC_NO_COMMON_BLOCKS = YES;
				GCC_OPTIMIZATION_LEVEL = 0;
				GCC_PREPROCESSOR_DEFINITIONS = (
					"DEBUG=1",
					"$(inherited)",
				);
				GCC_WARN_64_TO_32_BIT_CONVERSION = YES;
				GCC_WARN_ABOUT_RETURN_TYPE = YES_ERROR;
				GCC_WARN_UNDECLARED_SELECTOR = YES;
				GCC_WARN_UNINITIALIZED_AUTOS = YES_AGGRESSIVE;
				GCC_WARN_UNUSED_FUNCTION = YES;
				GCC_WARN_UNUSED_VARIABLE = YES;
				IPHONEOS_DEPLOYMENT_TARGET = 10.1;
				MTL_ENABLE_DEBUG_INFO = YES;
				ONLY_ACTIVE_ARCH = YES;
				SDKROOT = iphoneos;
				TARGETED_DEVICE_FAMILY = "1,2";
			};
			name = Debug;
		};
		75144E591ECE7CCE002BFD56 /* Release */ = {
			isa = XCBuildConfiguration;
			buildSettings = {
				ALWAYS_SEARCH_USER_PATHS = NO;
				CLANG_ANALYZER_NONNULL = YES;
				CLANG_CXX_LANGUAGE_STANDARD = "gnu++0x";
				CLANG_CXX_LIBRARY = "libc++";
				CLANG_ENABLE_MODULES = YES;
				CLANG_ENABLE_OBJC_ARC = YES;
				CLANG_WARN_BOOL_CONVERSION = YES;
				CLANG_WARN_CONSTANT_CONVERSION = YES;
				CLANG_WARN_DIRECT_OBJC_ISA_USAGE = YES_ERROR;
				CLANG_WARN_DOCUMENTATION_COMMENTS = YES;
				CLANG_WARN_EMPTY_BODY = YES;
				CLANG_WARN_ENUM_CONVERSION = YES;
				CLANG_WARN_INFINITE_RECURSION = YES;
				CLANG_WARN_INT_CONVERSION = YES;
				CLANG_WARN_OBJC_ROOT_CLASS = YES_ERROR;
				CLANG_WARN_SUSPICIOUS_MOVES = YES;
				CLANG_WARN_UNREACHABLE_CODE = YES;
				CLANG_WARN__DUPLICATE_METHOD_MATCH = YES;
				"CODE_SIGN_IDENTITY[sdk=iphoneos*]" = "iPhone Developer";
				COPY_PHASE_STRIP = NO;
				DEBUG_INFORMATION_FORMAT = "dwarf-with-dsym";
				ENABLE_NS_ASSERTIONS = NO;
				ENABLE_STRICT_OBJC_MSGSEND = YES;
				GCC_C_LANGUAGE_STANDARD = gnu99;
				GCC_NO_COMMON_BLOCKS = YES;
				GCC_WARN_64_TO_32_BIT_CONVERSION = YES;
				GCC_WARN_ABOUT_RETURN_TYPE = YES_ERROR;
				GCC_WARN_UNDECLARED_SELECTOR = YES;
				GCC_WARN_UNINITIALIZED_AUTOS = YES_AGGRESSIVE;
				GCC_WARN_UNUSED_FUNCTION = YES;
				GCC_WARN_UNUSED_VARIABLE = YES;
				IPHONEOS_DEPLOYMENT_TARGET = 10.1;
				MTL_ENABLE_DEBUG_INFO = NO;
				SDKROOT = iphoneos;
				TARGETED_DEVICE_FAMILY = "1,2";
				VALIDATE_PRODUCT = YES;
			};
			name = Release;
		};
		75144E5B1ECE7CCE002BFD56 /* Debug */ = {
			isa = XCBuildConfiguration;
			buildSettings = {
				ASSETCATALOG_COMPILER_APPICON_NAME = AppIcon;
				DEVELOPMENT_TEAM = 65Y8F76Y6Z;
				INFOPLIST_FILE = LHComboBox/Info.plist;
				LD_RUNPATH_SEARCH_PATHS = "$(inherited) @executable_path/Frameworks";
				PRODUCT_BUNDLE_IDENTIFIER = xw.LHComboBox;
				PRODUCT_NAME = "$(TARGET_NAME)";
			};
			name = Debug;
		};
		75144E5C1ECE7CCE002BFD56 /* Release */ = {
			isa = XCBuildConfiguration;
			buildSettings = {
				ASSETCATALOG_COMPILER_APPICON_NAME = AppIcon;
				DEVELOPMENT_TEAM = 65Y8F76Y6Z;
				INFOPLIST_FILE = LHComboBox/Info.plist;
				LD_RUNPATH_SEARCH_PATHS = "$(inherited) @executable_path/Frameworks";
				PRODUCT_BUNDLE_IDENTIFIER = xw.LHComboBox;
				PRODUCT_NAME = "$(TARGET_NAME)";
			};
			name = Release;
		};
		75144E5E1ECE7CCE002BFD56 /* Debug */ = {
			isa = XCBuildConfiguration;
			buildSettings = {
				BUNDLE_LOADER = "$(TEST_HOST)";
				DEVELOPMENT_TEAM = 65Y8F76Y6Z;
				INFOPLIST_FILE = LHComboBoxTests/Info.plist;
				LD_RUNPATH_SEARCH_PATHS = "$(inherited) @executable_path/Frameworks @loader_path/Frameworks";
				PRODUCT_BUNDLE_IDENTIFIER = xw.LHComboBoxTests;
				PRODUCT_NAME = "$(TARGET_NAME)";
				TEST_HOST = "$(BUILT_PRODUCTS_DIR)/LHComboBox.app/LHComboBox";
			};
			name = Debug;
		};
		75144E5F1ECE7CCE002BFD56 /* Release */ = {
			isa = XCBuildConfiguration;
			buildSettings = {
				BUNDLE_LOADER = "$(TEST_HOST)";
				DEVELOPMENT_TEAM = 65Y8F76Y6Z;
				INFOPLIST_FILE = LHComboBoxTests/Info.plist;
				LD_RUNPATH_SEARCH_PATHS = "$(inherited) @executable_path/Frameworks @loader_path/Frameworks";
				PRODUCT_BUNDLE_IDENTIFIER = xw.LHComboBoxTests;
				PRODUCT_NAME = "$(TARGET_NAME)";
				TEST_HOST = "$(BUILT_PRODUCTS_DIR)/LHComboBox.app/LHComboBox";
			};
			name = Release;
		};
		75144E611ECE7CCE002BFD56 /* Debug */ = {
			isa = XCBuildConfiguration;
			buildSettings = {
				DEVELOPMENT_TEAM = 65Y8F76Y6Z;
				INFOPLIST_FILE = LHComboBoxUITests/Info.plist;
				LD_RUNPATH_SEARCH_PATHS = "$(inherited) @executable_path/Frameworks @loader_path/Frameworks";
				PRODUCT_BUNDLE_IDENTIFIER = xw.LHComboBoxUITests;
				PRODUCT_NAME = "$(TARGET_NAME)";
				TEST_TARGET_NAME = LHComboBox;
			};
			name = Debug;
		};
		75144E621ECE7CCE002BFD56 /* Release */ = {
			isa = XCBuildConfiguration;
			buildSettings = {
				DEVELOPMENT_TEAM = 65Y8F76Y6Z;
				INFOPLIST_FILE = LHComboBoxUITests/Info.plist;
				LD_RUNPATH_SEARCH_PATHS = "$(inherited) @executable_path/Frameworks @loader_path/Frameworks";
				PRODUCT_BUNDLE_IDENTIFIER = xw.LHComboBoxUITests;
				PRODUCT_NAME = "$(TARGET_NAME)";
				TEST_TARGET_NAME = LHComboBox;
			};
			name = Release;
		};
/* End XCBuildConfiguration section */

/* Begin XCConfigurationList section */
		75144E281ECE7CCD002BFD56 /* Build configuration list for PBXProject "LHComboBox" */ = {
			isa = XCConfigurationList;
			buildConfigurations = (
				75144E581ECE7CCE002BFD56 /* Debug */,
				75144E591ECE7CCE002BFD56 /* Release */,
			);
			defaultConfigurationIsVisible = 0;
			defaultConfigurationName = Release;
		};
		75144E5A1ECE7CCE002BFD56 /* Build configuration list for PBXNativeTarget "LHComboBox" */ = {
			isa = XCConfigurationList;
			buildConfigurations = (
				75144E5B1ECE7CCE002BFD56 /* Debug */,
				75144E5C1ECE7CCE002BFD56 /* Release */,
			);
			defaultConfigurationIsVisible = 0;
		};
		75144E5D1ECE7CCE002BFD56 /* Build configuration list for PBXNativeTarget "LHComboBoxTests" */ = {
			isa = XCConfigurationList;
			buildConfigurations = (
				75144E5E1ECE7CCE002BFD56 /* Debug */,
				75144E5F1ECE7CCE002BFD56 /* Release */,
			);
			defaultConfigurationIsVisible = 0;
		};
		75144E601ECE7CCE002BFD56 /* Build configuration list for PBXNativeTarget "LHComboBoxUITests" */ = {
			isa = XCConfigurationList;
			buildConfigurations = (
				75144E611ECE7CCE002BFD56 /* Debug */,
				75144E621ECE7CCE002BFD56 /* Release */,
			);
			defaultConfigurationIsVisible = 0;
		};
/* End XCConfigurationList section */
	};
	rootObject = 75144E251ECE7CCD002BFD56 /* Project object */;
}
